
Microsoft Visual Studio Solution File, Format Version 12.00
# Visual Studio Version 17
VisualStudioVersion = 17.5.33516.290
MinimumVisualStudioVersion = 10.0.40219.1
Project("{9A19103F-16F7-4668-BE54-9A1E7A4F7556}") = "ApiBank.Test", "test\ApiBank.Test\ApiBank.Test.csproj", "{A14B02C3-BD2B-43DF-A67E-16B08B00D29F}"
EndProject
Project("{9A19103F-16F7-4668-BE54-9A1E7A4F7556}") = "ApiBank.Web", "src\ApiBank.Web\ApiBank.Web.csproj", "{9D5F3DEB-3067-476C-BFBB-D506CC62F7A1}"
EndProject
Project("{E53339B2-1760-4266-BCC7-CA923CBCF16C}") = "docker-compose", "docker-compose.dcproj", "{31897336-868C-4237-9218-778A67528EF4}"
EndProject
Global
	GlobalSection(SolutionConfigurationPlatforms) = preSolution
		Debug|Any CPU = Debug|Any CPU
		Release|Any CPU = Release|Any CPU
	EndGlobalSection
	GlobalSection(ProjectConfigurationPlatforms) = postSolution
		{A14B02C3-BD2B-43DF-A67E-16B08B00D29F}.Debug|Any CPU.ActiveCfg = Debug|Any CPU
		{A14B02C3-BD2B-43DF-A67E-16B08B00D29F}.Debug|Any CPU.Build.0 = Debug|Any CPU
		{A14B02C3-BD2B-43DF-A67E-16B08B00D29F}.Release|Any CPU.ActiveCfg = Release|Any CPU
		{A14B02C3-BD2B-43DF-A67E-16B08B00D29F}.Release|Any CPU.Build.0 = Release|Any CPU
		{9D5F3DEB-3067-476C-BFBB-D506CC62F7A1}.Debug|Any CPU.ActiveCfg = Debug|Any CPU
		{9D5F3DEB-3067-476C-BFBB-D506CC62F7A1}.Debug|Any CPU.Build.0 = Debug|Any CPU
		{9D5F3DEB-3067-476C-BFBB-D506CC62F7A1}.Release|Any CPU.ActiveCfg = Release|Any CPU
		{9D5F3DEB-3067-476C-BFBB-D506CC62F7A1}.Release|Any CPU.Build.0 = Release|Any CPU
		{31897336-868C-4237-9218-778A67528EF4}.Debug|Any CPU.ActiveCfg = Debug|Any CPU
		{31897336-868C-4237-9218-778A67528EF4}.Debug|Any CPU.Build.0 = Debug|Any CPU
		{31897336-868C-4237-9218-778A67528EF4}.Release|Any CPU.ActiveCfg = Release|Any CPU
		{31897336-868C-4237-9218-778A67528EF4}.Release|Any CPU.Build.0 = Release|Any CPU
	EndGlobalSection
	GlobalSection(SolutionProperties) = preSolution
		HideSolutionNode = FALSE
	EndGlobalSection
	GlobalSection(ExtensibilityGlobals) = postSolution
		SolutionGuid = {00590685-1300-44D5-8B1B-F1C52068BC40}
	EndGlobalSection
EndGlobal
